
Microsoft Visual Studio Solution File, Format Version 12.00
# Visual Studio 15
VisualStudioVersion = 15.0.28307.902
MinimumVisualStudioVersion = 10.0.40219.1
Project("{FAE04EC0-301F-11D3-BF4B-00C04F79EFBC}") = "Quiz6", "Quiz6\Quiz6.csproj", "{E8AB6941-8F58-470F-8011-EA9790F62D70}"
EndProject
Project("{2150E333-8FDC-42A3-9474-1A3956D46DE8}") = "Solution Items", "Solution Items", "{64392503-DA9B-4DD6-8133-E1CCC82516E3}"
EndProject
Global
	GlobalSection(SolutionConfigurationPlatforms) = preSolution
		Debug|Any CPU = Debug|Any CPU
		Release|Any CPU = Release|Any CPU
	EndGlobalSection
	GlobalSection(ProjectConfigurationPlatforms) = postSolution
		{E8AB6941-8F58-470F-8011-EA9790F62D70}.Debug|Any CPU.ActiveCfg = Debug|Any CPU
		{E8AB6941-8F58-470F-8011-EA9790F62D70}.Debug|Any CPU.Build.0 = Debug|Any CPU
		{E8AB6941-8F58-470F-8011-EA9790F62D70}.Release|Any CPU.ActiveCfg = Release|Any CPU
		{E8AB6941-8F58-470F-8011-EA9790F62D70}.Release|Any CPU.Build.0 = Release|Any CPU
	EndGlobalSection
	GlobalSection(SolutionProperties) = preSolution
		HideSolutionNode = FALSE
	EndGlobalSection
	GlobalSection(ExtensibilityGlobals) = postSolution
		SolutionGuid = {7520AA28-4015-4B21-9438-8C8D00330630}
	EndGlobalSection
EndGlobal
